
Microsoft Visual Studio Solution File, Format Version 12.00
# Visual Studio Version 17
VisualStudioVersion = 17.4.33122.133
MinimumVisualStudioVersion = 10.0.40219.1
Project("{FAE04EC0-301F-11D3-BF4B-00C04F79EFBC}") = "shoppingcomdraft5", "shoppingcomdraft5\shoppingcomdraft5.csproj", "{D9F66518-1430-4BA1-96AF-A0A4B2E360CC}"
EndProject
Global
	GlobalSection(SolutionConfigurationPlatforms) = preSolution
		Debug|Any CPU = Debug|Any CPU
		Release|Any CPU = Release|Any CPU
	EndGlobalSection
	GlobalSection(ProjectConfigurationPlatforms) = postSolution
		{D9F66518-1430-4BA1-96AF-A0A4B2E360CC}.Debug|Any CPU.ActiveCfg = Debug|Any CPU
		{D9F66518-1430-4BA1-96AF-A0A4B2E360CC}.Debug|Any CPU.Build.0 = Debug|Any CPU
		{D9F66518-1430-4BA1-96AF-A0A4B2E360CC}.Release|Any CPU.ActiveCfg = Release|Any CPU
		{D9F66518-1430-4BA1-96AF-A0A4B2E360CC}.Release|Any CPU.Build.0 = Release|Any CPU
	EndGlobalSection
	GlobalSection(SolutionProperties) = preSolution
		HideSolutionNode = FALSE
	EndGlobalSection
	GlobalSection(ExtensibilityGlobals) = postSolution
		SolutionGuid = {274B75A5-2746-4795-9E6D-EBF7ED644331}
	EndGlobalSection
EndGlobal
